
Microsoft Visual Studio Solution File, Format Version 12.00
# Visual Studio 15
VisualStudioVersion = 15.0.28307.329
MinimumVisualStudioVersion = 10.0.40219.1
Project("{FAE04EC0-301F-11D3-BF4B-00C04F79EFBC}") = "XFBarcode.Android", "XFBarcode\XFBarcode.Android\XFBarcode.Android.csproj", "{76E791CE-1851-4688-BD36-8F6BBAB27002}"
EndProject
Project("{FAE04EC0-301F-11D3-BF4B-00C04F79EFBC}") = "XFBarcode.iOS", "XFBarcode\XFBarcode.iOS\XFBarcode.iOS.csproj", "{4B1A54C9-3F87-4221-88BF-4E6CBBB03030}"
EndProject
Project("{FAE04EC0-301F-11D3-BF4B-00C04F79EFBC}") = "XFBarcode.UWP", "XFBarcode\XFBarcode.UWP\XFBarcode.UWP.csproj", "{FCC0316E-26BC-43E7-BB09-0056ECF23AA5}"
EndProject
Project("{FAE04EC0-301F-11D3-BF4B-00C04F79EFBC}") = "XFBarcode", "XFBarcode\XFBarcode\XFBarcode.csproj", "{4E82B9BC-329D-46DE-A520-EE0CC82A8798}"
EndProject
Global
	GlobalSection(SolutionConfigurationPlatforms) = preSolution
		Ad-Hoc|Any CPU = Ad-Hoc|Any CPU
		Ad-Hoc|ARM = Ad-Hoc|ARM
		Ad-Hoc|iPhone = Ad-Hoc|iPhone
		Ad-Hoc|iPhoneSimulator = Ad-Hoc|iPhoneSimulator
		Ad-Hoc|x64 = Ad-Hoc|x64
		Ad-Hoc|x86 = Ad-Hoc|x86
		AppStore|Any CPU = AppStore|Any CPU
		AppStore|ARM = AppStore|ARM
		AppStore|iPhone = AppStore|iPhone
		AppStore|iPhoneSimulator = AppStore|iPhoneSimulator
		AppStore|x64 = AppStore|x64
		AppStore|x86 = AppStore|x86
		Debug|Any CPU = Debug|Any CPU
		Debug|ARM = Debug|ARM
		Debug|iPhone = Debug|iPhone
		Debug|iPhoneSimulator = Debug|iPhoneSimulator
		Debug|x64 = Debug|x64
		Debug|x86 = Debug|x86
		Release|Any CPU = Release|Any CPU
		Release|ARM = Release|ARM
		Release|iPhone = Release|iPhone
		Release|iPhoneSimulator = Release|iPhoneSimulator
		Release|x64 = Release|x64
		Release|x86 = Release|x86
	EndGlobalSection
	GlobalSection(ProjectConfigurationPlatforms) = postSolution
		{76E791CE-1851-4688-BD36-8F6BBAB27002}.Ad-Hoc|Any CPU.ActiveCfg = Release|Any CPU
		{76E791CE-1851-4688-BD36-8F6BBAB27002}.Ad-Hoc|Any CPU.Build.0 = Release|Any CPU
		{76E791CE-1851-4688-BD36-8F6BBAB27002}.Ad-Hoc|Any CPU.Deploy.0 = Release|Any CPU
		{76E791CE-1851-4688-BD36-8F6BBAB27002}.Ad-Hoc|ARM.ActiveCfg = Release|Any CPU
		{76E791CE-1851-4688-BD36-8F6BBAB27002}.Ad-Hoc|ARM.Build.0 = Release|Any CPU
		{76E791CE-1851-4688-BD36-8F6BBAB27002}.Ad-Hoc|ARM.Deploy.0 = Release|Any CPU
		{76E791CE-1851-4688-BD36-8F6BBAB27002}.Ad-Hoc|iPhone.ActiveCfg = Release|Any CPU
		{76E791CE-1851-4688-BD36-8F6BBAB27002}.Ad-Hoc|iPhone.Build.0 = Release|Any CPU
		{76E791CE-1851-4688-BD36-8F6BBAB27002}.Ad-Hoc|iPhone.Deploy.0 = Release|Any CPU
		{76E791CE-1851-4688-BD36-8F6BBAB27002}.Ad-Hoc|iPhoneSimulator.ActiveCfg = Release|Any CPU
		{76E791CE-1851-4688-BD36-8F6BBAB27002}.Ad-Hoc|iPhoneSimulator.Build.0 = Release|Any CPU
		{76E791CE-1851-4688-BD36-8F6BBAB27002}.Ad-Hoc|iPhoneSimulator.Deploy.0 = Release|Any CPU
		{76E791CE-1851-4688-BD36-8F6BBAB27002}.Ad-Hoc|x64.ActiveCfg = Release|Any CPU
		{76E791CE-1851-4688-BD36-8F6BBAB27002}.Ad-Hoc|x64.Build.0 = Release|Any CPU
		{76E791CE-1851-4688-BD36-8F6BBAB27002}.Ad-Hoc|x64.Deploy.0 = Release|Any CPU
		{76E791CE-1851-4688-BD36-8F6BBAB27002}.Ad-Hoc|x86.ActiveCfg = Release|Any CPU
		{76E791CE-1851-4688-BD36-8F6BBAB27002}.Ad-Hoc|x86.Build.0 = Release|Any CPU
		{76E791CE-1851-4688-BD36-8F6BBAB27002}.Ad-Hoc|x86.Deploy.0 = Release|Any CPU
		{76E791CE-1851-4688-BD36-8F6BBAB27002}.AppStore|Any CPU.ActiveCfg = Release|Any CPU
		{76E791CE-1851-4688-BD36-8F6BBAB27002}.AppStore|Any CPU.Build.0 = Release|Any CPU
		{76E791CE-1851-4688-BD36-8F6BBAB27002}.AppStore|Any CPU.Deploy.0 = Release|Any CPU
		{76E791CE-1851-4688-BD36-8F6BBAB27002}.AppStore|ARM.ActiveCfg = Release|Any CPU
		{76E791CE-1851-4688-BD36-8F6BBAB27002}.AppStore|ARM.Build.0 = Release|Any CPU
		{76E791CE-1851-4688-BD36-8F6BBAB27002}.AppStore|ARM.Deploy.0 = Release|Any CPU
		{76E791CE-1851-4688-BD36-8F6BBAB27002}.AppStore|iPhone.ActiveCfg = Release|Any CPU
		{76E791CE-1851-4688-BD36-8F6BBAB27002}.AppStore|iPhone.Build.0 = Release|Any CPU
		{76E791CE-1851-4688-BD36-8F6BBAB27002}.AppStore|iPhone.Deploy.0 = Release|Any CPU
		{76E791CE-1851-4688-BD36-8F6BBAB27002}.AppStore|iPhoneSimulator.ActiveCfg = Release|Any CPU
		{76E791CE-1851-4688-BD36-8F6BBAB27002}.AppStore|iPhoneSimulator.Build.0 = Release|Any CPU
		{76E791CE-1851-4688-BD36-8F6BBAB27002}.AppStore|iPhoneSimulator.Deploy.0 = Release|Any CPU
		{76E791CE-1851-4688-BD36-8F6BBAB27002}.AppStore|x64.ActiveCfg = Release|Any CPU
		{76E791CE-1851-4688-BD36-8F6BBAB27002}.AppStore|x64.Build.0 = Release|Any CPU
		{76E791CE-1851-4688-BD36-8F6BBAB27002}.AppStore|x64.Deploy.0 = Release|Any CPU
		{76E791CE-1851-4688-BD36-8F6BBAB27002}.AppStore|x86.ActiveCfg = Release|Any CPU
		{76E791CE-1851-4688-BD36-8F6BBAB27002}.AppStore|x86.Build.0 = Release|Any CPU
		{76E791CE-1851-4688-BD36-8F6BBAB27002}.AppStore|x86.Deploy.0 = Release|Any CPU
		{76E791CE-1851-4688-BD36-8F6BBAB27002}.Debug|Any CPU.ActiveCfg = Debug|Any CPU
		{76E791CE-1851-4688-BD36-8F6BBAB27002}.Debug|Any CPU.Build.0 = Debug|Any CPU
		{76E791CE-1851-4688-BD36-8F6BBAB27002}.Debug|Any CPU.Deploy.0 = Debug|Any CPU
		{76E791CE-1851-4688-BD36-8F6BBAB27002}.Debug|ARM.ActiveCfg = Debug|Any CPU
		{76E791CE-1851-4688-BD36-8F6BBAB27002}.Debug|ARM.Build.0 = Debug|Any CPU
		{76E791CE-1851-4688-BD36-8F6BBAB27002}.Debug|ARM.Deploy.0 = Debug|Any CPU
		{76E791CE-1851-4688-BD36-8F6BBAB27002}.Debug|iPhone.ActiveCfg = Debug|Any CPU
		{76E791CE-1851-4688-BD36-8F6BBAB27002}.Debug|iPhone.Build.0 = Debug|Any CPU
		{76E791CE-1851-4688-BD36-8F6BBAB27002}.Debug|iPhone.Deploy.0 = Debug|Any CPU
		{76E791CE-1851-4688-BD36-8F6BBAB27002}.Debug|iPhoneSimulator.ActiveCfg = Debug|Any CPU
		{76E791CE-1851-4688-BD36-8F6BBAB27002}.Debug|iPhoneSimulator.Build.0 = Debug|Any CPU
		{76E791CE-1851-4688-BD36-8F6BBAB27002}.Debug|iPhoneSimulator.Deploy.0 = Debug|Any CPU
		{76E791CE-1851-4688-BD36-8F6BBAB27002}.Debug|x64.ActiveCfg = Debug|Any CPU
		{76E791CE-1851-4688-BD36-8F6BBAB27002}.Debug|x64.Build.0 = Debug|Any CPU
		{76E791CE-1851-4688-BD36-8F6BBAB27002}.Debug|x64.Deploy.0 = Debug|Any CPU
		{76E791CE-1851-4688-BD36-8F6BBAB27002}.Debug|x86.ActiveCfg = Debug|Any CPU
		{76E791CE-1851-4688-BD36-8F6BBAB27002}.Debug|x86.Build.0 = Debug|Any CPU
		{76E791CE-1851-4688-BD36-8F6BBAB27002}.Debug|x86.Deploy.0 = Debug|Any CPU
		{76E791CE-1851-4688-BD36-8F6BBAB27002}.Release|Any CPU.ActiveCfg = Release|Any CPU
		{76E791CE-1851-4688-BD36-8F6BBAB27002}.Release|Any CPU.Build.0 = Release|Any CPU
		{76E791CE-1851-4688-BD36-8F6BBAB27002}.Release|Any CPU.Deploy.0 = Release|Any CPU
		{76E791CE-1851-4688-BD36-8F6BBAB27002}.Release|ARM.ActiveCfg = Release|Any CPU
		{76E791CE-1851-4688-BD36-8F6BBAB27002}.Release|ARM.Build.0 = Release|Any CPU
		{76E791CE-1851-4688-BD36-8F6BBAB27002}.Release|ARM.Deploy.0 = Release|Any CPU
		{76E791CE-1851-4688-BD36-8F6BBAB27002}.Release|iPhone.ActiveCfg = Release|Any CPU
		{76E791CE-1851-4688-BD36-8F6BBAB27002}.Release|iPhone.Build.0 = Release|Any CPU
		{76E791CE-1851-4688-BD36-8F6BBAB27002}.Release|iPhone.Deploy.0 = Release|Any CPU
		{76E791CE-1851-4688-BD36-8F6BBAB27002}.Release|iPhoneSimulator.ActiveCfg = Release|Any CPU
		{76E791CE-1851-4688-BD36-8F6BBAB27002}.Release|iPhoneSimulator.Build.0 = Release|Any CPU
		{76E791CE-1851-4688-BD36-8F6BBAB27002}.Release|iPhoneSimulator.Deploy.0 = Release|Any CPU
		{76E791CE-1851-4688-BD36-8F6BBAB27002}.Release|x64.ActiveCfg = Release|Any CPU
		{76E791CE-1851-4688-BD36-8F6BBAB27002}.Release|x64.Build.0 = Release|Any CPU
		{76E791CE-1851-4688-BD36-8F6BBAB27002}.Release|x64.Deploy.0 = Release|Any CPU
		{76E791CE-1851-4688-BD36-8F6BBAB27002}.Release|x86.ActiveCfg = Release|Any CPU
		{76E791CE-1851-4688-BD36-8F6BBAB27002}.Release|x86.Build.0 = Release|Any CPU
		{76E791CE-1851-4688-BD36-8F6BBAB27002}.Release|x86.Deploy.0 = Release|Any CPU
		{4B1A54C9-3F87-4221-88BF-4E6CBBB03030}.Ad-Hoc|Any CPU.ActiveCfg = Ad-Hoc|iPhone
		{4B1A54C9-3F87-4221-88BF-4E6CBBB03030}.Ad-Hoc|Any CPU.Build.0 = Ad-Hoc|iPhone
		{4B1A54C9-3F87-4221-88BF-4E6CBBB03030}.Ad-Hoc|Any CPU.Deploy.0 = Ad-Hoc|iPhone
		{4B1A54C9-3F87-4221-88BF-4E6CBBB03030}.Ad-Hoc|ARM.ActiveCfg = Ad-Hoc|iPhone
		{4B1A54C9-3F87-4221-88BF-4E6CBBB03030}.Ad-Hoc|ARM.Build.0 = Ad-Hoc|iPhone
		{4B1A54C9-3F87-4221-88BF-4E6CBBB03030}.Ad-Hoc|ARM.Deploy.0 = Ad-Hoc|iPhone
		{4B1A54C9-3F87-4221-88BF-4E6CBBB03030}.Ad-Hoc|iPhone.ActiveCfg = Ad-Hoc|iPhone
		{4B1A54C9-3F87-4221-88BF-4E6CBBB03030}.Ad-Hoc|iPhone.Build.0 = Ad-Hoc|iPhone
		{4B1A54C9-3F87-4221-88BF-4E6CBBB03030}.Ad-Hoc|iPhone.Deploy.0 = Ad-Hoc|iPhone
		{4B1A54C9-3F87-4221-88BF-4E6CBBB03030}.Ad-Hoc|iPhoneSimulator.ActiveCfg = Ad-Hoc|iPhoneSimulator
		{4B1A54C9-3F87-4221-88BF-4E6CBBB03030}.Ad-Hoc|iPhoneSimulator.Build.0 = Ad-Hoc|iPhoneSimulator
		{4B1A54C9-3F87-4221-88BF-4E6CBBB03030}.Ad-Hoc|iPhoneSimulator.Deploy.0 = Ad-Hoc|iPhoneSimulator
		{4B1A54C9-3F87-4221-88BF-4E6CBBB03030}.Ad-Hoc|x64.ActiveCfg = Ad-Hoc|iPhone
		{4B1A54C9-3F87-4221-88BF-4E6CBBB03030}.Ad-Hoc|x64.Build.0 = Ad-Hoc|iPhone
		{4B1A54C9-3F87-4221-88BF-4E6CBBB03030}.Ad-Hoc|x64.Deploy.0 = Ad-Hoc|iPhone
		{4B1A54C9-3F87-4221-88BF-4E6CBBB03030}.Ad-Hoc|x86.ActiveCfg = Ad-Hoc|iPhone
		{4B1A54C9-3F87-4221-88BF-4E6CBBB03030}.Ad-Hoc|x86.Build.0 = Ad-Hoc|iPhone
		{4B1A54C9-3F87-4221-88BF-4E6CBBB03030}.Ad-Hoc|x86.Deploy.0 = Ad-Hoc|iPhone
		{4B1A54C9-3F87-4221-88BF-4E6CBBB03030}.AppStore|Any CPU.ActiveCfg = AppStore|iPhone
		{4B1A54C9-3F87-4221-88BF-4E6CBBB03030}.AppStore|Any CPU.Build.0 = AppStore|iPhone
		{4B1A54C9-3F87-4221-88BF-4E6CBBB03030}.AppStore|Any CPU.Deploy.0 = AppStore|iPhone
		{4B1A54C9-3F87-4221-88BF-4E6CBBB03030}.AppStore|ARM.ActiveCfg = AppStore|iPhone
		{4B1A54C9-3F87-4221-88BF-4E6CBBB03030}.AppStore|ARM.Build.0 = AppStore|iPhone
		{4B1A54C9-3F87-4221-88BF-4E6CBBB03030}.AppStore|ARM.Deploy.0 = AppStore|iPhone
		{4B1A54C9-3F87-4221-88BF-4E6CBBB03030}.AppStore|iPhone.ActiveCfg = AppStore|iPhone
		{4B1A54C9-3F87-4221-88BF-4E6CBBB03030}.AppStore|iPhone.Build.0 = AppStore|iPhone
		{4B1A54C9-3F87-4221-88BF-4E6CBBB03030}.AppStore|iPhone.Deploy.0 = AppStore|iPhone
		{4B1A54C9-3F87-4221-88BF-4E6CBBB03030}.AppStore|iPhoneSimulator.ActiveCfg = AppStore|iPhoneSimulator
		{4B1A54C9-3F87-4221-88BF-4E6CBBB03030}.AppStore|iPhoneSimulator.Build.0 = AppStore|iPhoneSimulator
		{4B1A54C9-3F87-4221-88BF-4E6CBBB03030}.AppStore|iPhoneSimulator.Deploy.0 = AppStore|iPhoneSimulator
		{4B1A54C9-3F87-4221-88BF-4E6CBBB03030}.AppStore|x64.ActiveCfg = AppStore|iPhone
		{4B1A54C9-3F87-4221-88BF-4E6CBBB03030}.AppStore|x64.Build.0 = AppStore|iPhone
		{4B1A54C9-3F87-4221-88BF-4E6CBBB03030}.AppStore|x64.Deploy.0 = AppStore|iPhone
		{4B1A54C9-3F87-4221-88BF-4E6CBBB03030}.AppStore|x86.ActiveCfg = AppStore|iPhone
		{4B1A54C9-3F87-4221-88BF-4E6CBBB03030}.AppStore|x86.Build.0 = AppStore|iPhone
		{4B1A54C9-3F87-4221-88BF-4E6CBBB03030}.AppStore|x86.Deploy.0 = AppStore|iPhone
		{4B1A54C9-3F87-4221-88BF-4E6CBBB03030}.Debug|Any CPU.ActiveCfg = Debug|iPhoneSimulator
		{4B1A54C9-3F87-4221-88BF-4E6CBBB03030}.Debug|Any CPU.Build.0 = Debug|iPhoneSimulator
		{4B1A54C9-3F87-4221-88BF-4E6CBBB03030}.Debug|Any CPU.Deploy.0 = Debug|iPhoneSimulator
		{4B1A54C9-3F87-4221-88BF-4E6CBBB03030}.Debug|ARM.ActiveCfg = Debug|iPhone
		{4B1A54C9-3F87-4221-88BF-4E6CBBB03030}.Debug|ARM.Build.0 = Debug|iPhone
		{4B1A54C9-3F87-4221-88BF-4E6CBBB03030}.Debug|ARM.Deploy.0 = Debug|iPhone
		{4B1A54C9-3F87-4221-88BF-4E6CBBB03030}.Debug|iPhone.ActiveCfg = Debug|iPhone
		{4B1A54C9-3F87-4221-88BF-4E6CBBB03030}.Debug|iPhone.Build.0 = Debug|iPhone
		{4B1A54C9-3F87-4221-88BF-4E6CBBB03030}.Debug|iPhone.Deploy.0 = Debug|iPhone
		{4B1A54C9-3F87-4221-88BF-4E6CBBB03030}.Debug|iPhoneSimulator.ActiveCfg = Debug|iPhoneSimulator
		{4B1A54C9-3F87-4221-88BF-4E6CBBB03030}.Debug|iPhoneSimulator.Build.0 = Debug|iPhoneSimulator
		{4B1A54C9-3F87-4221-88BF-4E6CBBB03030}.Debug|iPhoneSimulator.Deploy.0 = Debug|iPhoneSimulator
		{4B1A54C9-3F87-4221-88BF-4E6CBBB03030}.Debug|x64.ActiveCfg = Debug|iPhone
		{4B1A54C9-3F87-4221-88BF-4E6CBBB03030}.Debug|x64.Build.0 = Debug|iPhone
		{4B1A54C9-3F87-4221-88BF-4E6CBBB03030}.Debug|x64.Deploy.0 = Debug|iPhone
		{4B1A54C9-3F87-4221-88BF-4E6CBBB03030}.Debug|x86.ActiveCfg = Debug|iPhone
		{4B1A54C9-3F87-4221-88BF-4E6CBBB03030}.Debug|x86.Build.0 = Debug|iPhone
		{4B1A54C9-3F87-4221-88BF-4E6CBBB03030}.Debug|x86.Deploy.0 = Debug|iPhone
		{4B1A54C9-3F87-4221-88BF-4E6CBBB03030}.Release|Any CPU.ActiveCfg = Release|iPhone
		{4B1A54C9-3F87-4221-88BF-4E6CBBB03030}.Release|Any CPU.Build.0 = Release|iPhone
		{4B1A54C9-3F87-4221-88BF-4E6CBBB03030}.Release|Any CPU.Deploy.0 = Release|iPhone
		{4B1A54C9-3F87-4221-88BF-4E6CBBB03030}.Release|ARM.ActiveCfg = Release|iPhone
		{4B1A54C9-3F87-4221-88BF-4E6CBBB03030}.Release|ARM.Build.0 = Release|iPhone
		{4B1A54C9-3F87-4221-88BF-4E6CBBB03030}.Release|ARM.Deploy.0 = Release|iPhone
		{4B1A54C9-3F87-4221-88BF-4E6CBBB03030}.Release|iPhone.ActiveCfg = Release|iPhone
		{4B1A54C9-3F87-4221-88BF-4E6CBBB03030}.Release|iPhone.Build.0 = Release|iPhone
		{4B1A54C9-3F87-4221-88BF-4E6CBBB03030}.Release|iPhone.Deploy.0 = Release|iPhone
		{4B1A54C9-3F87-4221-88BF-4E6CBBB03030}.Release|iPhoneSimulator.ActiveCfg = Release|iPhoneSimulator
		{4B1A54C9-3F87-4221-88BF-4E6CBBB03030}.Release|iPhoneSimulator.Build.0 = Release|iPhoneSimulator
		{4B1A54C9-3F87-4221-88BF-4E6CBBB03030}.Release|iPhoneSimulator.Deploy.0 = Release|iPhoneSimulator
		{4B1A54C9-3F87-4221-88BF-4E6CBBB03030}.Release|x64.ActiveCfg = Release|iPhone
		{4B1A54C9-3F87-4221-88BF-4E6CBBB03030}.Release|x64.Build.0 = Release|iPhone
		{4B1A54C9-3F87-4221-88BF-4E6CBBB03030}.Release|x64.Deploy.0 = Release|iPhone
		{4B1A54C9-3F87-4221-88BF-4E6CBBB03030}.Release|x86.ActiveCfg = Release|iPhone
		{4B1A54C9-3F87-4221-88BF-4E6CBBB03030}.Release|x86.Build.0 = Release|iPhone
		{4B1A54C9-3F87-4221-88BF-4E6CBBB03030}.Release|x86.Deploy.0 = Release|iPhone
		{FCC0316E-26BC-43E7-BB09-0056ECF23AA5}.Ad-Hoc|Any CPU.ActiveCfg = Release|x86
		{FCC0316E-26BC-43E7-BB09-0056ECF23AA5}.Ad-Hoc|Any CPU.Build.0 = Release|x86
		{FCC0316E-26BC-43E7-BB09-0056ECF23AA5}.Ad-Hoc|Any CPU.Deploy.0 = Release|x86
		{FCC0316E-26BC-43E7-BB09-0056ECF23AA5}.Ad-Hoc|ARM.ActiveCfg = Release|ARM
		{FCC0316E-26BC-43E7-BB09-0056ECF23AA5}.Ad-Hoc|ARM.Build.0 = Release|ARM
		{FCC0316E-26BC-43E7-BB09-0056ECF23AA5}.Ad-Hoc|ARM.Deploy.0 = Release|ARM
		{FCC0316E-26BC-43E7-BB09-0056ECF23AA5}.Ad-Hoc|iPhone.ActiveCfg = Release|x86
		{FCC0316E-26BC-43E7-BB09-0056ECF23AA5}.Ad-Hoc|iPhone.Build.0 = Release|x86
		{FCC0316E-26BC-43E7-BB09-0056ECF23AA5}.Ad-Hoc|iPhone.Deploy.0 = Release|x86
		{FCC0316E-26BC-43E7-BB09-0056ECF23AA5}.Ad-Hoc|iPhoneSimulator.ActiveCfg = Release|x86
		{FCC0316E-26BC-43E7-BB09-0056ECF23AA5}.Ad-Hoc|iPhoneSimulator.Build.0 = Release|x86
		{FCC0316E-26BC-43E7-BB09-0056ECF23AA5}.Ad-Hoc|iPhoneSimulator.Deploy.0 = Release|x86
		{FCC0316E-26BC-43E7-BB09-0056ECF23AA5}.Ad-Hoc|x64.ActiveCfg = Release|x64
		{FCC0316E-26BC-43E7-BB09-0056ECF23AA5}.Ad-Hoc|x64.Build.0 = Release|x64
		{FCC0316E-26BC-43E7-BB09-0056ECF23AA5}.Ad-Hoc|x64.Deploy.0 = Release|x64
		{FCC0316E-26BC-43E7-BB09-0056ECF23AA5}.Ad-Hoc|x86.ActiveCfg = Release|x86
		{FCC0316E-26BC-43E7-BB09-0056ECF23AA5}.Ad-Hoc|x86.Build.0 = Release|x86
		{FCC0316E-26BC-43E7-BB09-0056ECF23AA5}.Ad-Hoc|x86.Deploy.0 = Release|x86
		{FCC0316E-26BC-43E7-BB09-0056ECF23AA5}.AppStore|Any CPU.ActiveCfg = Release|x86
		{FCC0316E-26BC-43E7-BB09-0056ECF23AA5}.AppStore|Any CPU.Build.0 = Release|x86
		{FCC0316E-26BC-43E7-BB09-0056ECF23AA5}.AppStore|Any CPU.Deploy.0 = Release|x86
		{FCC0316E-26BC-43E7-BB09-0056ECF23AA5}.AppStore|ARM.ActiveCfg = Release|ARM
		{FCC0316E-26BC-43E7-BB09-0056ECF23AA5}.AppStore|ARM.Build.0 = Release|ARM
		{FCC0316E-26BC-43E7-BB09-0056ECF23AA5}.AppStore|ARM.Deploy.0 = Release|ARM
		{FCC0316E-26BC-43E7-BB09-0056ECF23AA5}.AppStore|iPhone.ActiveCfg = Release|x86
		{FCC0316E-26BC-43E7-BB09-0056ECF23AA5}.AppStore|iPhone.Build.0 = Release|x86
		{FCC0316E-26BC-43E7-BB09-0056ECF23AA5}.AppStore|iPhone.Deploy.0 = Release|x86
		{FCC0316E-26BC-43E7-BB09-0056ECF23AA5}.AppStore|iPhoneSimulator.ActiveCfg = Release|x86
		{FCC0316E-26BC-43E7-BB09-0056ECF23AA5}.AppStore|iPhoneSimulator.Build.0 = Release|x86
		{FCC0316E-26BC-43E7-BB09-0056ECF23AA5}.AppStore|iPhoneSimulator.Deploy.0 = Release|x86
		{FCC0316E-26BC-43E7-BB09-0056ECF23AA5}.AppStore|x64.ActiveCfg = Release|x64
		{FCC0316E-26BC-43E7-BB09-0056ECF23AA5}.AppStore|x64.Build.0 = Release|x64
		{FCC0316E-26BC-43E7-BB09-0056ECF23AA5}.AppStore|x64.Deploy.0 = Release|x64
		{FCC0316E-26BC-43E7-BB09-0056ECF23AA5}.AppStore|x86.ActiveCfg = Release|x86
		{FCC0316E-26BC-43E7-BB09-0056ECF23AA5}.AppStore|x86.Build.0 = Release|x86
		{FCC0316E-26BC-43E7-BB09-0056ECF23AA5}.AppStore|x86.Deploy.0 = Release|x86
		{FCC0316E-26BC-43E7-BB09-0056ECF23AA5}.Debug|Any CPU.ActiveCfg = Debug|x86
		{FCC0316E-26BC-43E7-BB09-0056ECF23AA5}.Debug|Any CPU.Build.0 = Debug|x86
		{FCC0316E-26BC-43E7-BB09-0056ECF23AA5}.Debug|Any CPU.Deploy.0 = Debug|x86
		{FCC0316E-26BC-43E7-BB09-0056ECF23AA5}.Debug|ARM.ActiveCfg = Debug|ARM
		{FCC0316E-26BC-43E7-BB09-0056ECF23AA5}.Debug|ARM.Build.0 = Debug|ARM
		{FCC0316E-26BC-43E7-BB09-0056ECF23AA5}.Debug|ARM.Deploy.0 = Debug|ARM
		{FCC0316E-26BC-43E7-BB09-0056ECF23AA5}.Debug|iPhone.ActiveCfg = Debug|x86
		{FCC0316E-26BC-43E7-BB09-0056ECF23AA5}.Debug|iPhone.Build.0 = Debug|x86
		{FCC0316E-26BC-43E7-BB09-0056ECF23AA5}.Debug|iPhone.Deploy.0 = Debug|x86
		{FCC0316E-26BC-43E7-BB09-0056ECF23AA5}.Debug|iPhoneSimulator.ActiveCfg = Debug|x86
		{FCC0316E-26BC-43E7-BB09-0056ECF23AA5}.Debug|iPhoneSimulator.Build.0 = Debug|x86
		{FCC0316E-26BC-43E7-BB09-0056ECF23AA5}.Debug|iPhoneSimulator.Deploy.0 = Debug|x86
		{FCC0316E-26BC-43E7-BB09-0056ECF23AA5}.Debug|x64.ActiveCfg = Debug|x64
		{FCC0316E-26BC-43E7-BB09-0056ECF23AA5}.Debug|x64.Build.0 = Debug|x64
		{FCC0316E-26BC-43E7-BB09-0056ECF23AA5}.Debug|x64.Deploy.0 = Debug|x64
		{FCC0316E-26BC-43E7-BB09-0056ECF23AA5}.Debug|x86.ActiveCfg = Debug|x86
		{FCC0316E-26BC-43E7-BB09-0056ECF23AA5}.Debug|x86.Build.0 = Debug|x86
		{FCC0316E-26BC-43E7-BB09-0056ECF23AA5}.Debug|x86.Deploy.0 = Debug|x86
		{FCC0316E-26BC-43E7-BB09-0056ECF23AA5}.Release|Any CPU.ActiveCfg = Release|x86
		{FCC0316E-26BC-43E7-BB09-0056ECF23AA5}.Release|Any CPU.Build.0 = Release|x86
		{FCC0316E-26BC-43E7-BB09-0056ECF23AA5}.Release|Any CPU.Deploy.0 = Release|x86
		{FCC0316E-26BC-43E7-BB09-0056ECF23AA5}.Release|ARM.ActiveCfg = Release|ARM
		{FCC0316E-26BC-43E7-BB09-0056ECF23AA5}.Release|ARM.Build.0 = Release|ARM
		{FCC0316E-26BC-43E7-BB09-0056ECF23AA5}.Release|ARM.Deploy.0 = Release|ARM
		{FCC0316E-26BC-43E7-BB09-0056ECF23AA5}.Release|iPhone.ActiveCfg = Release|x86
		{FCC0316E-26BC-43E7-BB09-0056ECF23AA5}.Release|iPhone.Build.0 = Release|x86
		{FCC0316E-26BC-43E7-BB09-0056ECF23AA5}.Release|iPhone.Deploy.0 = Release|x86
		{FCC0316E-26BC-43E7-BB09-0056ECF23AA5}.Release|iPhoneSimulator.ActiveCfg = Release|x86
		{FCC0316E-26BC-43E7-BB09-0056ECF23AA5}.Release|iPhoneSimulator.Build.0 = Release|x86
		{FCC0316E-26BC-43E7-BB09-0056ECF23AA5}.Release|iPhoneSimulator.Deploy.0 = Release|x86
		{FCC0316E-26BC-43E7-BB09-0056ECF23AA5}.Release|x64.ActiveCfg = Release|x64
		{FCC0316E-26BC-43E7-BB09-0056ECF23AA5}.Release|x64.Build.0 = Release|x64
		{FCC0316E-26BC-43E7-BB09-0056ECF23AA5}.Release|x64.Deploy.0 = Release|x64
		{FCC0316E-26BC-43E7-BB09-0056ECF23AA5}.Release|x86.ActiveCfg = Release|x86
		{FCC0316E-26BC-43E7-BB09-0056ECF23AA5}.Release|x86.Build.0 = Release|x86
		{FCC0316E-26BC-43E7-BB09-0056ECF23AA5}.Release|x86.Deploy.0 = Release|x86
		{4E82B9BC-329D-46DE-A520-EE0CC82A8798}.Ad-Hoc|Any CPU.ActiveCfg = Debug|Any CPU
		{4E82B9BC-329D-46DE-A520-EE0CC82A8798}.Ad-Hoc|Any CPU.Build.0 = Debug|Any CPU
		{4E82B9BC-329D-46DE-A520-EE0CC82A8798}.Ad-Hoc|Any CPU.Deploy.0 = Debug|Any CPU
		{4E82B9BC-329D-46DE-A520-EE0CC82A8798}.Ad-Hoc|ARM.ActiveCfg = Debug|Any CPU
		{4E82B9BC-329D-46DE-A520-EE0CC82A8798}.Ad-Hoc|ARM.Build.0 = Debug|Any CPU
		{4E82B9BC-329D-46DE-A520-EE0CC82A8798}.Ad-Hoc|ARM.Deploy.0 = Debug|Any CPU
		{4E82B9BC-329D-46DE-A520-EE0CC82A8798}.Ad-Hoc|iPhone.ActiveCfg = Debug|Any CPU
		{4E82B9BC-329D-46DE-A520-EE0CC82A8798}.Ad-Hoc|iPhone.Build.0 = Debug|Any CPU
		{4E82B9BC-329D-46DE-A520-EE0CC82A8798}.Ad-Hoc|iPhone.Deploy.0 = Debug|Any CPU
		{4E82B9BC-329D-46DE-A520-EE0CC82A8798}.Ad-Hoc|iPhoneSimulator.ActiveCfg = Debug|Any CPU
		{4E82B9BC-329D-46DE-A520-EE0CC82A8798}.Ad-Hoc|iPhoneSimulator.Build.0 = Debug|Any CPU
		{4E82B9BC-329D-46DE-A520-EE0CC82A8798}.Ad-Hoc|iPhoneSimulator.Deploy.0 = Debug|Any CPU
		{4E82B9BC-329D-46DE-A520-EE0CC82A8798}.Ad-Hoc|x64.ActiveCfg = Debug|Any CPU
		{4E82B9BC-329D-46DE-A520-EE0CC82A8798}.Ad-Hoc|x64.Build.0 = Debug|Any CPU
		{4E82B9BC-329D-46DE-A520-EE0CC82A8798}.Ad-Hoc|x64.Deploy.0 = Debug|Any CPU
		{4E82B9BC-329D-46DE-A520-EE0CC82A8798}.Ad-Hoc|x86.ActiveCfg = Debug|Any CPU
		{4E82B9BC-329D-46DE-A520-EE0CC82A8798}.Ad-Hoc|x86.Build.0 = Debug|Any CPU
		{4E82B9BC-329D-46DE-A520-EE0CC82A8798}.Ad-Hoc|x86.Deploy.0 = Debug|Any CPU
		{4E82B9BC-329D-46DE-A520-EE0CC82A8798}.AppStore|Any CPU.ActiveCfg = Debug|Any CPU
		{4E82B9BC-329D-46DE-A520-EE0CC82A8798}.AppStore|Any CPU.Build.0 = Debug|Any CPU
		{4E82B9BC-329D-46DE-A520-EE0CC82A8798}.AppStore|Any CPU.Deploy.0 = Debug|Any CPU
		{4E82B9BC-329D-46DE-A520-EE0CC82A8798}.AppStore|ARM.ActiveCfg = Debug|Any CPU
		{4E82B9BC-329D-46DE-A520-EE0CC82A8798}.AppStore|ARM.Build.0 = Debug|Any CPU
		{4E82B9BC-329D-46DE-A520-EE0CC82A8798}.AppStore|ARM.Deploy.0 = Debug|Any CPU
		{4E82B9BC-329D-46DE-A520-EE0CC82A8798}.AppStore|iPhone.ActiveCfg = Debug|Any CPU
		{4E82B9BC-329D-46DE-A520-EE0CC82A8798}.AppStore|iPhone.Build.0 = Debug|Any CPU
		{4E82B9BC-329D-46DE-A520-EE0CC82A8798}.AppStore|iPhone.Deploy.0 = Debug|Any CPU
		{4E82B9BC-329D-46DE-A520-EE0CC82A8798}.AppStore|iPhoneSimulator.ActiveCfg = Debug|Any CPU
		{4E82B9BC-329D-46DE-A520-EE0CC82A8798}.AppStore|iPhoneSimulator.Build.0 = Debug|Any CPU
		{4E82B9BC-329D-46DE-A520-EE0CC82A8798}.AppStore|iPhoneSimulator.Deploy.0 = Debug|Any CPU
		{4E82B9BC-329D-46DE-A520-EE0CC82A8798}.AppStore|x64.ActiveCfg = Debug|Any CPU
		{4E82B9BC-329D-46DE-A520-EE0CC82A8798}.AppStore|x64.Build.0 = Debug|Any CPU
		{4E82B9BC-329D-46DE-A520-EE0CC82A8798}.AppStore|x64.Deploy.0 = Debug|Any CPU
		{4E82B9BC-329D-46DE-A520-EE0CC82A8798}.AppStore|x86.ActiveCfg = Debug|Any CPU
		{4E82B9BC-329D-46DE-A520-EE0CC82A8798}.AppStore|x86.Build.0 = Debug|Any CPU
		{4E82B9BC-329D-46DE-A520-EE0CC82A8798}.AppStore|x86.Deploy.0 = Debug|Any CPU
		{4E82B9BC-329D-46DE-A520-EE0CC82A8798}.Debug|Any CPU.ActiveCfg = Debug|Any CPU
		{4E82B9BC-329D-46DE-A520-EE0CC82A8798}.Debug|Any CPU.Build.0 = Debug|Any CPU
		{4E82B9BC-329D-46DE-A520-EE0CC82A8798}.Debug|Any CPU.Deploy.0 = Debug|Any CPU
		{4E82B9BC-329D-46DE-A520-EE0CC82A8798}.Debug|ARM.ActiveCfg = Debug|Any CPU
		{4E82B9BC-329D-46DE-A520-EE0CC82A8798}.Debug|ARM.Build.0 = Debug|Any CPU
		{4E82B9BC-329D-46DE-A520-EE0CC82A8798}.Debug|ARM.Deploy.0 = Debug|Any CPU
		{4E82B9BC-329D-46DE-A520-EE0CC82A8798}.Debug|iPhone.ActiveCfg = Debug|Any CPU
		{4E82B9BC-329D-46DE-A520-EE0CC82A8798}.Debug|iPhone.Build.0 = Debug|Any CPU
		{4E82B9BC-329D-46DE-A520-EE0CC82A8798}.Debug|iPhone.Deploy.0 = Debug|Any CPU
		{4E82B9BC-329D-46DE-A520-EE0CC82A8798}.Debug|iPhoneSimulator.ActiveCfg = Debug|Any CPU
		{4E82B9BC-329D-46DE-A520-EE0CC82A8798}.Debug|iPhoneSimulator.Build.0 = Debug|Any CPU
		{4E82B9BC-329D-46DE-A520-EE0CC82A8798}.Debug|iPhoneSimulator.Deploy.0 = Debug|Any CPU
		{4E82B9BC-329D-46DE-A520-EE0CC82A8798}.Debug|x64.ActiveCfg = Debug|Any CPU
		{4E82B9BC-329D-46DE-A520-EE0CC82A8798}.Debug|x64.Build.0 = Debug|Any CPU
		{4E82B9BC-329D-46DE-A520-EE0CC82A8798}.Debug|x64.Deploy.0 = Debug|Any CPU
		{4E82B9BC-329D-46DE-A520-EE0CC82A8798}.Debug|x86.ActiveCfg = Debug|Any CPU
		{4E82B9BC-329D-46DE-A520-EE0CC82A8798}.Debug|x86.Build.0 = Debug|Any CPU
		{4E82B9BC-329D-46DE-A520-EE0CC82A8798}.Debug|x86.Deploy.0 = Debug|Any CPU
		{4E82B9BC-329D-46DE-A520-EE0CC82A8798}.Release|Any CPU.ActiveCfg = Release|Any CPU
		{4E82B9BC-329D-46DE-A520-EE0CC82A8798}.Release|Any CPU.Build.0 = Release|Any CPU
		{4E82B9BC-329D-46DE-A520-EE0CC82A8798}.Release|Any CPU.Deploy.0 = Release|Any CPU
		{4E82B9BC-329D-46DE-A520-EE0CC82A8798}.Release|ARM.ActiveCfg = Release|Any CPU
		{4E82B9BC-329D-46DE-A520-EE0CC82A8798}.Release|ARM.Build.0 = Release|Any CPU
		{4E82B9BC-329D-46DE-A520-EE0CC82A8798}.Release|ARM.Deploy.0 = Release|Any CPU
		{4E82B9BC-329D-46DE-A520-EE0CC82A8798}.Release|iPhone.ActiveCfg = Release|Any CPU
		{4E82B9BC-329D-46DE-A520-EE0CC82A8798}.Release|iPhone.Build.0 = Release|Any CPU
		{4E82B9BC-329D-46DE-A520-EE0CC82A8798}.Release|iPhone.Deploy.0 = Release|Any CPU
		{4E82B9BC-329D-46DE-A520-EE0CC82A8798}.Release|iPhoneSimulator.ActiveCfg = Release|Any CPU
		{4E82B9BC-329D-46DE-A520-EE0CC82A8798}.Release|iPhoneSimulator.Build.0 = Release|Any CPU
		{4E82B9BC-329D-46DE-A520-EE0CC82A8798}.Release|iPhoneSimulator.Deploy.0 = Release|Any CPU
		{4E82B9BC-329D-46DE-A520-EE0CC82A8798}.Release|x64.ActiveCfg = Release|Any CPU
		{4E82B9BC-329D-46DE-A520-EE0CC82A8798}.Release|x64.Build.0 = Release|Any CPU
		{4E82B9BC-329D-46DE-A520-EE0CC82A8798}.Release|x64.Deploy.0 = Release|Any CPU
		{4E82B9BC-329D-46DE-A520-EE0CC82A8798}.Release|x86.ActiveCfg = Release|Any CPU
		{4E82B9BC-329D-46DE-A520-EE0CC82A8798}.Release|x86.Build.0 = Release|Any CPU
		{4E82B9BC-329D-46DE-A520-EE0CC82A8798}.Release|x86.Deploy.0 = Release|Any CPU
	EndGlobalSection
	GlobalSection(SolutionProperties) = preSolution
		HideSolutionNode = FALSE
	EndGlobalSection
	GlobalSection(ExtensibilityGlobals) = postSolution
		SolutionGuid = {E96B23E3-0B26-4CD9-9DFF-892AE7E335ED}
	EndGlobalSection
EndGlobal
